
Microsoft Visual Studio Solution File, Format Version 12.00
# Visual Studio 15
VisualStudioVersion = 15.0.26430.13
MinimumVisualStudioVersion = 10.0.40219.1
Project("{FAE04EC0-301F-11D3-BF4B-00C04F79EFBC}") = "ContosoUniversity", "ContosoUniversity\ContosoUniversity.csproj", "{264E21D6-4024-4A53-B1BE-1CD42F3348FE}"
EndProject
Project("{2150E333-8FDC-42A3-9474-1A3956D46DE8}") = ".nuget", ".nuget", "{BA324694-07F7-4D59-868A-AA10BAC225CA}"
EndProject
Project("{2150E333-8FDC-42A3-9474-1A3956D46DE8}") = "Build", "Build", "{2CA3FB41-FF35-4226-AD41-72F2338561C5}"
	ProjectSection(SolutionItems) = preProject
		Build\nuget.exe = Build\nuget.exe
		Build\SetVersion.ps1 = Build\SetVersion.ps1
	EndProjectSection
EndProject
Project("{2150E333-8FDC-42A3-9474-1A3956D46DE8}") = "Deploy", "Deploy", "{D6FEBF6C-34F5-4D0A-B0B2-D4E85159C0A3}"
	ProjectSection(SolutionItems) = preProject
		Deploy\Deploy.ps1 = Deploy\Deploy.ps1
	EndProjectSection
EndProject
Project("{2150E333-8FDC-42A3-9474-1A3956D46DE8}") = "EntityFramework", "EntityFramework", "{10C100FD-7DCF-404E-AEA1-535A3A9C9817}"
	ProjectSection(SolutionItems) = preProject
		Deploy\EntityFramework\EntityFramework.dll = Deploy\EntityFramework\EntityFramework.dll
		Deploy\EntityFramework\EntityFramework.SqlServer.dll = Deploy\EntityFramework\EntityFramework.SqlServer.dll
		Deploy\EntityFramework\EntityFramework.SqlServer.xml = Deploy\EntityFramework\EntityFramework.SqlServer.xml
		Deploy\EntityFramework\EntityFramework.xml = Deploy\EntityFramework\EntityFramework.xml
		Deploy\EntityFramework\migrate.exe = Deploy\EntityFramework\migrate.exe
	EndProjectSection
EndProject
Global
	GlobalSection(SolutionConfigurationPlatforms) = preSolution
		Debug|Any CPU = Debug|Any CPU
		Release|Any CPU = Release|Any CPU
	EndGlobalSection
	GlobalSection(ProjectConfigurationPlatforms) = postSolution
		{264E21D6-4024-4A53-B1BE-1CD42F3348FE}.Debug|Any CPU.ActiveCfg = Debug|Any CPU
		{264E21D6-4024-4A53-B1BE-1CD42F3348FE}.Debug|Any CPU.Build.0 = Debug|Any CPU
		{264E21D6-4024-4A53-B1BE-1CD42F3348FE}.Release|Any CPU.ActiveCfg = Release|Any CPU
		{264E21D6-4024-4A53-B1BE-1CD42F3348FE}.Release|Any CPU.Build.0 = Release|Any CPU
	EndGlobalSection
	GlobalSection(SolutionProperties) = preSolution
		HideSolutionNode = FALSE
	EndGlobalSection
	GlobalSection(NestedProjects) = preSolution
		{10C100FD-7DCF-404E-AEA1-535A3A9C9817} = {D6FEBF6C-34F5-4D0A-B0B2-D4E85159C0A3}
	EndGlobalSection
EndGlobal
